
Microsoft Visual Studio Solution File, Format Version 12.00
# Visual Studio Version 17
VisualStudioVersion = 17.1.32228.430
MinimumVisualStudioVersion = 10.0.40219.1
Project("{FAE04EC0-301F-11D3-BF4B-00C04F79EFBC}") = "Capture1", "Capture1\Capture1.csproj", "{E6A94F9E-31EC-409F-A38B-8EC33005C7E3}"
EndProject
Project("{FAE04EC0-301F-11D3-BF4B-00C04F79EFBC}") = "Capture2", "Capture2\Capture2.csproj", "{DBC94437-6660-42A1-BCB9-62F9A5ED75DD}"
EndProject
Project("{FAE04EC0-301F-11D3-BF4B-00C04F79EFBC}") = "Capture3", "Capture3\Capture3.csproj", "{C3CD9B2F-9B23-4A22-9D07-500DA8BCAAE3}"
EndProject
Project("{FAE04EC0-301F-11D3-BF4B-00C04F79EFBC}") = "Capture4", "Capture4\Capture4.csproj", "{2EA28569-7A12-45E7-ABB5-C7B30E38863D}"
EndProject
Project("{FAE04EC0-301F-11D3-BF4B-00C04F79EFBC}") = "Capture5", "Capture5\Capture5.csproj", "{C76DC60D-8B11-4C75-ACE0-936BFF2B930F}"
EndProject
Project("{FAE04EC0-301F-11D3-BF4B-00C04F79EFBC}") = "Capture6", "Capture6\Capture6.csproj", "{D89C8AD3-EA6C-4532-9822-24C9EBAA66D6}"
EndProject
Project("{FAE04EC0-301F-11D3-BF4B-00C04F79EFBC}") = "Capture7", "Capture7\Capture7.csproj", "{9124416E-9273-47B4-8A5C-E9B2771C7D4A}"
EndProject
Project("{FAE04EC0-301F-11D3-BF4B-00C04F79EFBC}") = "Capture8", "Capture8\Capture8.csproj", "{E418831D-972E-4254-A364-8E09453DF070}"
EndProject
Project("{FAE04EC0-301F-11D3-BF4B-00C04F79EFBC}") = "Capture9", "Capture9\Capture9.csproj", "{40B1F5F5-6D50-4334-B4A9-3CDE73B23107}"
EndProject
Project("{FAE04EC0-301F-11D3-BF4B-00C04F79EFBC}") = "Capture10", "Capture10\Capture10.csproj", "{1B0A5857-3351-496A-9774-4E55339F9CB9}"
EndProject
Project("{FAE04EC0-301F-11D3-BF4B-00C04F79EFBC}") = "Capture11", "Capture11\Capture11.csproj", "{69F03681-DD02-4584-A824-2A9AC7D79462}"
EndProject
Project("{FAE04EC0-301F-11D3-BF4B-00C04F79EFBC}") = "Capture12", "Capture12\Capture12.csproj", "{4190296D-B7CE-4E2D-A09E-4F457D4D56DB}"
EndProject
Project("{FAE04EC0-301F-11D3-BF4B-00C04F79EFBC}") = "Capture13", "Capture13\Capture13.csproj", "{17081234-C6F0-4188-83CC-AECC241127C0}"
EndProject
Project("{FAE04EC0-301F-11D3-BF4B-00C04F79EFBC}") = "Capture14", "Capture14\Capture14.csproj", "{DEAE53B1-AD8F-4E4D-82B7-E9C21789FAF6}"
EndProject
Project("{FAE04EC0-301F-11D3-BF4B-00C04F79EFBC}") = "Capture15", "Capture15\Capture15.csproj", "{AAF52602-7FA6-4EDB-B651-B1CD6A0E01E9}"
EndProject
Project("{FAE04EC0-301F-11D3-BF4B-00C04F79EFBC}") = "Capture16", "Capture16\Capture16.csproj", "{874AD453-861E-4593-B69B-9FB6E163B88E}"
EndProject
Project("{FAE04EC0-301F-11D3-BF4B-00C04F79EFBC}") = "Capture17", "Capture17\Capture17.csproj", "{06D0514F-D7FF-480D-935C-44E4439B726C}"
EndProject
Project("{FAE04EC0-301F-11D3-BF4B-00C04F79EFBC}") = "Capture19", "Capture18\Capture19.csproj", "{3E871FD0-8A19-47F6-93F6-527272DB4445}"
EndProject
Project("{FAE04EC0-301F-11D3-BF4B-00C04F79EFBC}") = "Capture18", "Capture19\Capture18.csproj", "{713BBE0C-7E3B-4EA9-92BA-5E68DA2375CF}"
EndProject
Project("{FAE04EC0-301F-11D3-BF4B-00C04F79EFBC}") = "Capture20", "Capture20\Capture20.csproj", "{C0DC7A2A-8AED-4B0A-B175-A3A9F3B3710F}"
EndProject
Project("{FAE04EC0-301F-11D3-BF4B-00C04F79EFBC}") = "Reture03_1", "Reture03_1\Reture03_1.csproj", "{6BFB6074-904C-4A06-9C14-AD18A6574D23}"
EndProject
Project("{FAE04EC0-301F-11D3-BF4B-00C04F79EFBC}") = "Reture03_2", "Reture03_2\Reture03_2.csproj", "{2086DED8-C663-4363-86BD-1E47FD03D652}"
EndProject
Project("{FAE04EC0-301F-11D3-BF4B-00C04F79EFBC}") = "Reture03_3", "Reture03_3\Reture03_3.csproj", "{4178B060-E1ED-4B33-8BCB-2B6E562861A6}"
EndProject
Project("{FAE04EC0-301F-11D3-BF4B-00C04F79EFBC}") = "Reture03_4", "Reture03_4\Reture03_4.csproj", "{28C11CC8-B55A-4680-B303-0FFFD075871C}"
EndProject
Project("{FAE04EC0-301F-11D3-BF4B-00C04F79EFBC}") = "Reture04_1", "Reture04_1\Reture04_1.csproj", "{D16046CA-FB64-4980-8EEF-843A215C4F07}"
EndProject
Project("{FAE04EC0-301F-11D3-BF4B-00C04F79EFBC}") = "Reture04_2", "Reture04_2\Reture04_2.csproj", "{C8C2E834-C94F-4F6F-AAA4-A49ADAA367F9}"
EndProject
Project("{FAE04EC0-301F-11D3-BF4B-00C04F79EFBC}") = "Reture04_3", "Reture04_3\Reture04_3.csproj", "{F1D32498-15DD-4257-AB8B-AB576AB93187}"
EndProject
Project("{FAE04EC0-301F-11D3-BF4B-00C04F79EFBC}") = "Reture04_4", "Reture04_4\Reture04_4.csproj", "{CBCF7D86-FBE6-4BE8-9F94-2348B55EC156}"
EndProject
Project("{FAE04EC0-301F-11D3-BF4B-00C04F79EFBC}") = "Reture04_5", "Reture04_5\Reture04_5.csproj", "{B9BB250D-FC26-4231-9168-558DF6D9077F}"
EndProject
Project("{FAE04EC0-301F-11D3-BF4B-00C04F79EFBC}") = "Reture04_6", "Reture04_6\Reture04_6.csproj", "{C92CCC60-C82D-4A30-A413-FADCAF145C5B}"
EndProject
Project("{FAE04EC0-301F-11D3-BF4B-00C04F79EFBC}") = "Reture04_7", "Reture04_7\Reture04_7.csproj", "{E3E5FD20-FCC9-42DD-9D24-804900B58544}"
EndProject
Project("{FAE04EC0-301F-11D3-BF4B-00C04F79EFBC}") = "Reture04_8", "Reture04_8\Reture04_8.csproj", "{188AC8A4-D0C6-45A1-9C8E-EF255AD70C94}"
EndProject
Project("{FAE04EC0-301F-11D3-BF4B-00C04F79EFBC}") = "Reture04_9", "Reture04_9\Reture04_9.csproj", "{DAB42C7E-CEFC-46CC-BDF7-D5F7C68AA87A}"
EndProject
Project("{FAE04EC0-301F-11D3-BF4B-00C04F79EFBC}") = "Reture04_10", "Reture04_10\Reture04_10.csproj", "{7E7AF5E2-B3F7-422B-822C-B36F1C4DA354}"
EndProject
Project("{FAE04EC0-301F-11D3-BF4B-00C04F79EFBC}") = "Reture04_11", "Reture04_11\Reture04_11.csproj", "{4D8D1545-5347-4514-A373-1711F6D8763D}"
EndProject
Project("{FAE04EC0-301F-11D3-BF4B-00C04F79EFBC}") = "Reture04_12", "Reture04_12\Reture04_12.csproj", "{58359BAC-F800-45D8-9F62-092FA5D2915A}"
EndProject
Project("{FAE04EC0-301F-11D3-BF4B-00C04F79EFBC}") = "Reture04_13", "Reture04_13\Reture04_13.csproj", "{1326BE0D-B993-4CC3-8E7F-82CD4E3053AA}"
EndProject
Project("{FAE04EC0-301F-11D3-BF4B-00C04F79EFBC}") = "Reture04_14", "Reture04_14\Reture04_14.csproj", "{C92FB2E5-5601-45E6-92D9-E8A1CDB620C6}"
EndProject
Project("{FAE04EC0-301F-11D3-BF4B-00C04F79EFBC}") = "Reture04_15", "Reture04_15\Reture04_15.csproj", "{EF4DDDAA-6BEB-40AF-8FD2-FC92C89D77D5}"
EndProject
Global
	GlobalSection(SolutionConfigurationPlatforms) = preSolution
		Debug|Any CPU = Debug|Any CPU
		Release|Any CPU = Release|Any CPU
	EndGlobalSection
	GlobalSection(ProjectConfigurationPlatforms) = postSolution
		{E6A94F9E-31EC-409F-A38B-8EC33005C7E3}.Debug|Any CPU.ActiveCfg = Debug|Any CPU
		{E6A94F9E-31EC-409F-A38B-8EC33005C7E3}.Debug|Any CPU.Build.0 = Debug|Any CPU
		{E6A94F9E-31EC-409F-A38B-8EC33005C7E3}.Release|Any CPU.ActiveCfg = Release|Any CPU
		{E6A94F9E-31EC-409F-A38B-8EC33005C7E3}.Release|Any CPU.Build.0 = Release|Any CPU
		{DBC94437-6660-42A1-BCB9-62F9A5ED75DD}.Debug|Any CPU.ActiveCfg = Debug|Any CPU
		{DBC94437-6660-42A1-BCB9-62F9A5ED75DD}.Debug|Any CPU.Build.0 = Debug|Any CPU
		{DBC94437-6660-42A1-BCB9-62F9A5ED75DD}.Release|Any CPU.ActiveCfg = Release|Any CPU
		{DBC94437-6660-42A1-BCB9-62F9A5ED75DD}.Release|Any CPU.Build.0 = Release|Any CPU
		{C3CD9B2F-9B23-4A22-9D07-500DA8BCAAE3}.Debug|Any CPU.ActiveCfg = Debug|Any CPU
		{C3CD9B2F-9B23-4A22-9D07-500DA8BCAAE3}.Debug|Any CPU.Build.0 = Debug|Any CPU
		{C3CD9B2F-9B23-4A22-9D07-500DA8BCAAE3}.Release|Any CPU.ActiveCfg = Release|Any CPU
		{C3CD9B2F-9B23-4A22-9D07-500DA8BCAAE3}.Release|Any CPU.Build.0 = Release|Any CPU
		{2EA28569-7A12-45E7-ABB5-C7B30E38863D}.Debug|Any CPU.ActiveCfg = Debug|Any CPU
		{2EA28569-7A12-45E7-ABB5-C7B30E38863D}.Debug|Any CPU.Build.0 = Debug|Any CPU
		{2EA28569-7A12-45E7-ABB5-C7B30E38863D}.Release|Any CPU.ActiveCfg = Release|Any CPU
		{2EA28569-7A12-45E7-ABB5-C7B30E38863D}.Release|Any CPU.Build.0 = Release|Any CPU
		{C76DC60D-8B11-4C75-ACE0-936BFF2B930F}.Debug|Any CPU.ActiveCfg = Debug|Any CPU
		{C76DC60D-8B11-4C75-ACE0-936BFF2B930F}.Debug|Any CPU.Build.0 = Debug|Any CPU
		{C76DC60D-8B11-4C75-ACE0-936BFF2B930F}.Release|Any CPU.ActiveCfg = Release|Any CPU
		{C76DC60D-8B11-4C75-ACE0-936BFF2B930F}.Release|Any CPU.Build.0 = Release|Any CPU
		{D89C8AD3-EA6C-4532-9822-24C9EBAA66D6}.Debug|Any CPU.ActiveCfg = Debug|Any CPU
		{D89C8AD3-EA6C-4532-9822-24C9EBAA66D6}.Debug|Any CPU.Build.0 = Debug|Any CPU
		{D89C8AD3-EA6C-4532-9822-24C9EBAA66D6}.Release|Any CPU.ActiveCfg = Release|Any CPU
		{D89C8AD3-EA6C-4532-9822-24C9EBAA66D6}.Release|Any CPU.Build.0 = Release|Any CPU
		{9124416E-9273-47B4-8A5C-E9B2771C7D4A}.Debug|Any CPU.ActiveCfg = Debug|Any CPU
		{9124416E-9273-47B4-8A5C-E9B2771C7D4A}.Debug|Any CPU.Build.0 = Debug|Any CPU
		{9124416E-9273-47B4-8A5C-E9B2771C7D4A}.Release|Any CPU.ActiveCfg = Release|Any CPU
		{9124416E-9273-47B4-8A5C-E9B2771C7D4A}.Release|Any CPU.Build.0 = Release|Any CPU
		{E418831D-972E-4254-A364-8E09453DF070}.Debug|Any CPU.ActiveCfg = Debug|Any CPU
		{E418831D-972E-4254-A364-8E09453DF070}.Debug|Any CPU.Build.0 = Debug|Any CPU
		{E418831D-972E-4254-A364-8E09453DF070}.Release|Any CPU.ActiveCfg = Release|Any CPU
		{E418831D-972E-4254-A364-8E09453DF070}.Release|Any CPU.Build.0 = Release|Any CPU
		{40B1F5F5-6D50-4334-B4A9-3CDE73B23107}.Debug|Any CPU.ActiveCfg = Debug|Any CPU
		{40B1F5F5-6D50-4334-B4A9-3CDE73B23107}.Debug|Any CPU.Build.0 = Debug|Any CPU
		{40B1F5F5-6D50-4334-B4A9-3CDE73B23107}.Release|Any CPU.ActiveCfg = Release|Any CPU
		{40B1F5F5-6D50-4334-B4A9-3CDE73B23107}.Release|Any CPU.Build.0 = Release|Any CPU
		{1B0A5857-3351-496A-9774-4E55339F9CB9}.Debug|Any CPU.ActiveCfg = Debug|Any CPU
		{1B0A5857-3351-496A-9774-4E55339F9CB9}.Debug|Any CPU.Build.0 = Debug|Any CPU
		{1B0A5857-3351-496A-9774-4E55339F9CB9}.Release|Any CPU.ActiveCfg = Release|Any CPU
		{1B0A5857-3351-496A-9774-4E55339F9CB9}.Release|Any CPU.Build.0 = Release|Any CPU
		{69F03681-DD02-4584-A824-2A9AC7D79462}.Debug|Any CPU.ActiveCfg = Debug|Any CPU
		{69F03681-DD02-4584-A824-2A9AC7D79462}.Debug|Any CPU.Build.0 = Debug|Any CPU
		{69F03681-DD02-4584-A824-2A9AC7D79462}.Release|Any CPU.ActiveCfg = Release|Any CPU
		{69F03681-DD02-4584-A824-2A9AC7D79462}.Release|Any CPU.Build.0 = Release|Any CPU
		{4190296D-B7CE-4E2D-A09E-4F457D4D56DB}.Debug|Any CPU.ActiveCfg = Debug|Any CPU
		{4190296D-B7CE-4E2D-A09E-4F457D4D56DB}.Debug|Any CPU.Build.0 = Debug|Any CPU
		{4190296D-B7CE-4E2D-A09E-4F457D4D56DB}.Release|Any CPU.ActiveCfg = Release|Any CPU
		{4190296D-B7CE-4E2D-A09E-4F457D4D56DB}.Release|Any CPU.Build.0 = Release|Any CPU
		{17081234-C6F0-4188-83CC-AECC241127C0}.Debug|Any CPU.ActiveCfg = Debug|Any CPU
		{17081234-C6F0-4188-83CC-AECC241127C0}.Debug|Any CPU.Build.0 = Debug|Any CPU
		{17081234-C6F0-4188-83CC-AECC241127C0}.Release|Any CPU.ActiveCfg = Release|Any CPU
		{17081234-C6F0-4188-83CC-AECC241127C0}.Release|Any CPU.Build.0 = Release|Any CPU
		{DEAE53B1-AD8F-4E4D-82B7-E9C21789FAF6}.Debug|Any CPU.ActiveCfg = Debug|Any CPU
		{DEAE53B1-AD8F-4E4D-82B7-E9C21789FAF6}.Debug|Any CPU.Build.0 = Debug|Any CPU
		{DEAE53B1-AD8F-4E4D-82B7-E9C21789FAF6}.Release|Any CPU.ActiveCfg = Release|Any CPU
		{DEAE53B1-AD8F-4E4D-82B7-E9C21789FAF6}.Release|Any CPU.Build.0 = Release|Any CPU
		{AAF52602-7FA6-4EDB-B651-B1CD6A0E01E9}.Debug|Any CPU.ActiveCfg = Debug|Any CPU
		{AAF52602-7FA6-4EDB-B651-B1CD6A0E01E9}.Debug|Any CPU.Build.0 = Debug|Any CPU
		{AAF52602-7FA6-4EDB-B651-B1CD6A0E01E9}.Release|Any CPU.ActiveCfg = Release|Any CPU
		{AAF52602-7FA6-4EDB-B651-B1CD6A0E01E9}.Release|Any CPU.Build.0 = Release|Any CPU
		{874AD453-861E-4593-B69B-9FB6E163B88E}.Debug|Any CPU.ActiveCfg = Debug|Any CPU
		{874AD453-861E-4593-B69B-9FB6E163B88E}.Debug|Any CPU.Build.0 = Debug|Any CPU
		{874AD453-861E-4593-B69B-9FB6E163B88E}.Release|Any CPU.ActiveCfg = Release|Any CPU
		{874AD453-861E-4593-B69B-9FB6E163B88E}.Release|Any CPU.Build.0 = Release|Any CPU
		{06D0514F-D7FF-480D-935C-44E4439B726C}.Debug|Any CPU.ActiveCfg = Debug|Any CPU
		{06D0514F-D7FF-480D-935C-44E4439B726C}.Debug|Any CPU.Build.0 = Debug|Any CPU
		{06D0514F-D7FF-480D-935C-44E4439B726C}.Release|Any CPU.ActiveCfg = Release|Any CPU
		{06D0514F-D7FF-480D-935C-44E4439B726C}.Release|Any CPU.Build.0 = Release|Any CPU
		{3E871FD0-8A19-47F6-93F6-527272DB4445}.Debug|Any CPU.ActiveCfg = Debug|Any CPU
		{3E871FD0-8A19-47F6-93F6-527272DB4445}.Debug|Any CPU.Build.0 = Debug|Any CPU
		{3E871FD0-8A19-47F6-93F6-527272DB4445}.Release|Any CPU.ActiveCfg = Release|Any CPU
		{3E871FD0-8A19-47F6-93F6-527272DB4445}.Release|Any CPU.Build.0 = Release|Any CPU
		{713BBE0C-7E3B-4EA9-92BA-5E68DA2375CF}.Debug|Any CPU.ActiveCfg = Debug|Any CPU
		{713BBE0C-7E3B-4EA9-92BA-5E68DA2375CF}.Debug|Any CPU.Build.0 = Debug|Any CPU
		{713BBE0C-7E3B-4EA9-92BA-5E68DA2375CF}.Release|Any CPU.ActiveCfg = Release|Any CPU
		{713BBE0C-7E3B-4EA9-92BA-5E68DA2375CF}.Release|Any CPU.Build.0 = Release|Any CPU
		{C0DC7A2A-8AED-4B0A-B175-A3A9F3B3710F}.Debug|Any CPU.ActiveCfg = Debug|Any CPU
		{C0DC7A2A-8AED-4B0A-B175-A3A9F3B3710F}.Debug|Any CPU.Build.0 = Debug|Any CPU
		{C0DC7A2A-8AED-4B0A-B175-A3A9F3B3710F}.Release|Any CPU.ActiveCfg = Release|Any CPU
		{C0DC7A2A-8AED-4B0A-B175-A3A9F3B3710F}.Release|Any CPU.Build.0 = Release|Any CPU
		{6BFB6074-904C-4A06-9C14-AD18A6574D23}.Debug|Any CPU.ActiveCfg = Debug|Any CPU
		{6BFB6074-904C-4A06-9C14-AD18A6574D23}.Debug|Any CPU.Build.0 = Debug|Any CPU
		{6BFB6074-904C-4A06-9C14-AD18A6574D23}.Release|Any CPU.ActiveCfg = Release|Any CPU
		{6BFB6074-904C-4A06-9C14-AD18A6574D23}.Release|Any CPU.Build.0 = Release|Any CPU
		{2086DED8-C663-4363-86BD-1E47FD03D652}.Debug|Any CPU.ActiveCfg = Debug|Any CPU
		{2086DED8-C663-4363-86BD-1E47FD03D652}.Debug|Any CPU.Build.0 = Debug|Any CPU
		{2086DED8-C663-4363-86BD-1E47FD03D652}.Release|Any CPU.ActiveCfg = Release|Any CPU
		{2086DED8-C663-4363-86BD-1E47FD03D652}.Release|Any CPU.Build.0 = Release|Any CPU
		{4178B060-E1ED-4B33-8BCB-2B6E562861A6}.Debug|Any CPU.ActiveCfg = Debug|Any CPU
		{4178B060-E1ED-4B33-8BCB-2B6E562861A6}.Debug|Any CPU.Build.0 = Debug|Any CPU
		{4178B060-E1ED-4B33-8BCB-2B6E562861A6}.Release|Any CPU.ActiveCfg = Release|Any CPU
		{4178B060-E1ED-4B33-8BCB-2B6E562861A6}.Release|Any CPU.Build.0 = Release|Any CPU
		{28C11CC8-B55A-4680-B303-0FFFD075871C}.Debug|Any CPU.ActiveCfg = Debug|Any CPU
		{28C11CC8-B55A-4680-B303-0FFFD075871C}.Debug|Any CPU.Build.0 = Debug|Any CPU
		{28C11CC8-B55A-4680-B303-0FFFD075871C}.Release|Any CPU.ActiveCfg = Release|Any CPU
		{28C11CC8-B55A-4680-B303-0FFFD075871C}.Release|Any CPU.Build.0 = Release|Any CPU
		{D16046CA-FB64-4980-8EEF-843A215C4F07}.Debug|Any CPU.ActiveCfg = Debug|Any CPU
		{D16046CA-FB64-4980-8EEF-843A215C4F07}.Debug|Any CPU.Build.0 = Debug|Any CPU
		{D16046CA-FB64-4980-8EEF-843A215C4F07}.Release|Any CPU.ActiveCfg = Release|Any CPU
		{D16046CA-FB64-4980-8EEF-843A215C4F07}.Release|Any CPU.Build.0 = Release|Any CPU
		{C8C2E834-C94F-4F6F-AAA4-A49ADAA367F9}.Debug|Any CPU.ActiveCfg = Debug|Any CPU
		{C8C2E834-C94F-4F6F-AAA4-A49ADAA367F9}.Debug|Any CPU.Build.0 = Debug|Any CPU
		{C8C2E834-C94F-4F6F-AAA4-A49ADAA367F9}.Release|Any CPU.ActiveCfg = Release|Any CPU
		{C8C2E834-C94F-4F6F-AAA4-A49ADAA367F9}.Release|Any CPU.Build.0 = Release|Any CPU
		{F1D32498-15DD-4257-AB8B-AB576AB93187}.Debug|Any CPU.ActiveCfg = Debug|Any CPU
		{F1D32498-15DD-4257-AB8B-AB576AB93187}.Debug|Any CPU.Build.0 = Debug|Any CPU
		{F1D32498-15DD-4257-AB8B-AB576AB93187}.Release|Any CPU.ActiveCfg = Release|Any CPU
		{F1D32498-15DD-4257-AB8B-AB576AB93187}.Release|Any CPU.Build.0 = Release|Any CPU
		{CBCF7D86-FBE6-4BE8-9F94-2348B55EC156}.Debug|Any CPU.ActiveCfg = Debug|Any CPU
		{CBCF7D86-FBE6-4BE8-9F94-2348B55EC156}.Debug|Any CPU.Build.0 = Debug|Any CPU
		{CBCF7D86-FBE6-4BE8-9F94-2348B55EC156}.Release|Any CPU.ActiveCfg = Release|Any CPU
		{CBCF7D86-FBE6-4BE8-9F94-2348B55EC156}.Release|Any CPU.Build.0 = Release|Any CPU
		{B9BB250D-FC26-4231-9168-558DF6D9077F}.Debug|Any CPU.ActiveCfg = Debug|Any CPU
		{B9BB250D-FC26-4231-9168-558DF6D9077F}.Debug|Any CPU.Build.0 = Debug|Any CPU
		{B9BB250D-FC26-4231-9168-558DF6D9077F}.Release|Any CPU.ActiveCfg = Release|Any CPU
		{B9BB250D-FC26-4231-9168-558DF6D9077F}.Release|Any CPU.Build.0 = Release|Any CPU
		{C92CCC60-C82D-4A30-A413-FADCAF145C5B}.Debug|Any CPU.ActiveCfg = Debug|Any CPU
		{C92CCC60-C82D-4A30-A413-FADCAF145C5B}.Debug|Any CPU.Build.0 = Debug|Any CPU
		{C92CCC60-C82D-4A30-A413-FADCAF145C5B}.Release|Any CPU.ActiveCfg = Release|Any CPU
		{C92CCC60-C82D-4A30-A413-FADCAF145C5B}.Release|Any CPU.Build.0 = Release|Any CPU
		{E3E5FD20-FCC9-42DD-9D24-804900B58544}.Debug|Any CPU.ActiveCfg = Debug|Any CPU
		{E3E5FD20-FCC9-42DD-9D24-804900B58544}.Debug|Any CPU.Build.0 = Debug|Any CPU
		{E3E5FD20-FCC9-42DD-9D24-804900B58544}.Release|Any CPU.ActiveCfg = Release|Any CPU
		{E3E5FD20-FCC9-42DD-9D24-804900B58544}.Release|Any CPU.Build.0 = Release|Any CPU
		{188AC8A4-D0C6-45A1-9C8E-EF255AD70C94}.Debug|Any CPU.ActiveCfg = Debug|Any CPU
		{188AC8A4-D0C6-45A1-9C8E-EF255AD70C94}.Debug|Any CPU.Build.0 = Debug|Any CPU
		{188AC8A4-D0C6-45A1-9C8E-EF255AD70C94}.Release|Any CPU.ActiveCfg = Release|Any CPU
		{188AC8A4-D0C6-45A1-9C8E-EF255AD70C94}.Release|Any CPU.Build.0 = Release|Any CPU
		{DAB42C7E-CEFC-46CC-BDF7-D5F7C68AA87A}.Debug|Any CPU.ActiveCfg = Debug|Any CPU
		{DAB42C7E-CEFC-46CC-BDF7-D5F7C68AA87A}.Debug|Any CPU.Build.0 = Debug|Any CPU
		{DAB42C7E-CEFC-46CC-BDF7-D5F7C68AA87A}.Release|Any CPU.ActiveCfg = Release|Any CPU
		{DAB42C7E-CEFC-46CC-BDF7-D5F7C68AA87A}.Release|Any CPU.Build.0 = Release|Any CPU
		{7E7AF5E2-B3F7-422B-822C-B36F1C4DA354}.Debug|Any CPU.ActiveCfg = Debug|Any CPU
		{7E7AF5E2-B3F7-422B-822C-B36F1C4DA354}.Debug|Any CPU.Build.0 = Debug|Any CPU
		{7E7AF5E2-B3F7-422B-822C-B36F1C4DA354}.Release|Any CPU.ActiveCfg = Release|Any CPU
		{7E7AF5E2-B3F7-422B-822C-B36F1C4DA354}.Release|Any CPU.Build.0 = Release|Any CPU
		{4D8D1545-5347-4514-A373-1711F6D8763D}.Debug|Any CPU.ActiveCfg = Debug|Any CPU
		{4D8D1545-5347-4514-A373-1711F6D8763D}.Debug|Any CPU.Build.0 = Debug|Any CPU
		{4D8D1545-5347-4514-A373-1711F6D8763D}.Release|Any CPU.ActiveCfg = Release|Any CPU
		{4D8D1545-5347-4514-A373-1711F6D8763D}.Release|Any CPU.Build.0 = Release|Any CPU
		{58359BAC-F800-45D8-9F62-092FA5D2915A}.Debug|Any CPU.ActiveCfg = Debug|Any CPU
		{58359BAC-F800-45D8-9F62-092FA5D2915A}.Debug|Any CPU.Build.0 = Debug|Any CPU
		{58359BAC-F800-45D8-9F62-092FA5D2915A}.Release|Any CPU.ActiveCfg = Release|Any CPU
		{58359BAC-F800-45D8-9F62-092FA5D2915A}.Release|Any CPU.Build.0 = Release|Any CPU
		{1326BE0D-B993-4CC3-8E7F-82CD4E3053AA}.Debug|Any CPU.ActiveCfg = Debug|Any CPU
		{1326BE0D-B993-4CC3-8E7F-82CD4E3053AA}.Debug|Any CPU.Build.0 = Debug|Any CPU
		{1326BE0D-B993-4CC3-8E7F-82CD4E3053AA}.Release|Any CPU.ActiveCfg = Release|Any CPU
		{1326BE0D-B993-4CC3-8E7F-82CD4E3053AA}.Release|Any CPU.Build.0 = Release|Any CPU
		{C92FB2E5-5601-45E6-92D9-E8A1CDB620C6}.Debug|Any CPU.ActiveCfg = Debug|Any CPU
		{C92FB2E5-5601-45E6-92D9-E8A1CDB620C6}.Debug|Any CPU.Build.0 = Debug|Any CPU
		{C92FB2E5-5601-45E6-92D9-E8A1CDB620C6}.Release|Any CPU.ActiveCfg = Release|Any CPU
		{C92FB2E5-5601-45E6-92D9-E8A1CDB620C6}.Release|Any CPU.Build.0 = Release|Any CPU
		{EF4DDDAA-6BEB-40AF-8FD2-FC92C89D77D5}.Debug|Any CPU.ActiveCfg = Debug|Any CPU
		{EF4DDDAA-6BEB-40AF-8FD2-FC92C89D77D5}.Debug|Any CPU.Build.0 = Debug|Any CPU
		{EF4DDDAA-6BEB-40AF-8FD2-FC92C89D77D5}.Release|Any CPU.ActiveCfg = Release|Any CPU
		{EF4DDDAA-6BEB-40AF-8FD2-FC92C89D77D5}.Release|Any CPU.Build.0 = Release|Any CPU
	EndGlobalSection
	GlobalSection(SolutionProperties) = preSolution
		HideSolutionNode = FALSE
	EndGlobalSection
	GlobalSection(ExtensibilityGlobals) = postSolution
		SolutionGuid = {F4AC5AD5-E25C-441E-B1CF-1ED16987EB86}
	EndGlobalSection
EndGlobal
